# THIS IS AN AUTOGENERATED FILE. DO NOT EDIT THIS FILE DIRECTLY.
# yarn lockfile v1


"@babel/parser@^7.4.4":
  version "7.4.5"
  resolved "https://registry.yarnpkg.com/@babel/parser/-/parser-7.4.5.tgz#04af8d5d5a2b044a2a1bffacc1e5e6673544e872"

argparse@^1.0.7:
  version "1.0.10"
  resolved "https://registry.yarnpkg.com/argparse/-/argparse-1.0.10.tgz#bcd6791ea5ae09725e17e5ad988134cd40b3d911"
  dependencies:
    sprintf-js "~1.0.2"

better-docs@^1.1.6:
  version "1.1.6"
  resolved "https://registry.yarnpkg.com/better-docs/-/better-docs-1.1.6.tgz#c86473b7ffc2c4abf031e561da0b0b382a0a4f9a"

bluebird@^3.5.4:
  version "3.5.5"
  resolved "https://registry.yarnpkg.com/bluebird/-/bluebird-3.5.5.tgz#a8d0afd73251effbbd5fe384a77d73003c17a71f"

catharsis@^0.8.10:
  version "0.8.10"
  resolved "https://registry.yarnpkg.com/catharsis/-/catharsis-0.8.10.tgz#364198c1fbf084ae17028ee33ec7db53ca942ee6"
  dependencies:
    lodash "^4.17.11"

doctrine@^2.0.0:
  version "2.1.0"
  resolved "https://registry.yarnpkg.com/doctrine/-/doctrine-2.1.0.tgz#5cd01fc101621b42c4cd7f5d1a66243716d3f39d"
  dependencies:
    esutils "^2.0.2"

entities@~1.1.1:
  version "1.1.2"
  resolved "https://registry.yarnpkg.com/entities/-/entities-1.1.2.tgz#bdfa735299664dfafd34529ed4f8522a275fea56"

escape-string-regexp@^2.0.0:
  version "2.0.0"
  resolved "https://registry.yarnpkg.com/escape-string-regexp/-/escape-string-regexp-2.0.0.tgz#a30304e99daa32e23b2fd20f51babd07cffca344"

esutils@^2.0.2:
  version "2.0.2"
  resolved "https://registry.yarnpkg.com/esutils/-/esutils-2.0.2.tgz#0abf4f1caa5bcb1f7a9d8acc6dea4faaa04bac9b"

graceful-fs@^4.1.9:
  version "4.1.15"
  resolved "https://registry.yarnpkg.com/graceful-fs/-/graceful-fs-4.1.15.tgz#ffb703e1066e8a0eeaa4c8b80ba9253eeefbfb00"

js2xmlparser@^4.0.0:
  version "4.0.0"
  resolved "https://registry.yarnpkg.com/js2xmlparser/-/js2xmlparser-4.0.0.tgz#ae14cc711b2892083eed6e219fbc993d858bc3a5"
  dependencies:
    xmlcreate "^2.0.0"

jsdoc-mermaid@^1.0.0:
  version "1.0.0"
  resolved "https://registry.yarnpkg.com/jsdoc-mermaid/-/jsdoc-mermaid-1.0.0.tgz#793f319d9f8658c6a15d1ce77f77de4c50fd5905"
  dependencies:
    doctrine "^2.0.0"

jsdoc@^3.6.2:
  version "3.6.2"
  resolved "https://registry.yarnpkg.com/jsdoc/-/jsdoc-3.6.2.tgz#ee289fc6ba9263b7e4eceb99921179fe1c31489a"
  dependencies:
    "@babel/parser" "^7.4.4"
    bluebird "^3.5.4"
    catharsis "^0.8.10"
    escape-string-regexp "^2.0.0"
    js2xmlparser "^4.0.0"
    klaw "^3.0.0"
    markdown-it "^8.4.2"
    markdown-it-anchor "^5.0.2"
    marked "^0.6.2"
    mkdirp "^0.5.1"
    requizzle "^0.2.2"
    strip-json-comments "^3.0.1"
    taffydb "2.6.2"
    underscore "~1.9.1"

klaw@^3.0.0:
  version "3.0.0"
  resolved "https://registry.yarnpkg.com/klaw/-/klaw-3.0.0.tgz#b11bec9cf2492f06756d6e809ab73a2910259146"
  dependencies:
    graceful-fs "^4.1.9"

linkify-it@^2.0.0:
  version "2.1.0"
  resolved "https://registry.yarnpkg.com/linkify-it/-/linkify-it-2.1.0.tgz#c4caf38a6cd7ac2212ef3c7d2bde30a91561f9db"
  dependencies:
    uc.micro "^1.0.1"

lodash@^4.17.11:
  version "4.17.15"
  resolved "https://registry.yarnpkg.com/lodash/-/lodash-4.17.15.tgz#b447f6670a0455bbfeedd11392eff330ea097548"

markdown-it-anchor@^5.0.2:
  version "5.2.4"
  resolved "https://registry.yarnpkg.com/markdown-it-anchor/-/markdown-it-anchor-5.2.4.tgz#d39306fe4c199705b4479d3036842cf34dcba24f"

markdown-it@^8.4.2:
  version "8.4.2"
  resolved "https://registry.yarnpkg.com/markdown-it/-/markdown-it-8.4.2.tgz#386f98998dc15a37722aa7722084f4020bdd9b54"
  dependencies:
    argparse "^1.0.7"
    entities "~1.1.1"
    linkify-it "^2.0.0"
    mdurl "^1.0.1"
    uc.micro "^1.0.5"

marked@^0.6.2:
  version "0.6.2"
  resolved "https://registry.yarnpkg.com/marked/-/marked-0.6.2.tgz#c574be8b545a8b48641456ca1dbe0e37b6dccc1a"

mdurl@^1.0.1:
  version "1.0.1"
  resolved "https://registry.yarnpkg.com/mdurl/-/mdurl-1.0.1.tgz#fe85b2ec75a59037f2adfec100fd6c601761152e"

minimist@0.0.8:
  version "0.0.8"
  resolved "https://registry.yarnpkg.com/minimist/-/minimist-0.0.8.tgz#857fcabfc3397d2625b8228262e86aa7a011b05d"

mkdirp@^0.5.1:
  version "0.5.1"
  resolved "https://registry.yarnpkg.com/mkdirp/-/mkdirp-0.5.1.tgz#30057438eac6cf7f8c4767f38648d6697d75c903"
  dependencies:
    minimist "0.0.8"

requizzle@^0.2.2:
  version "0.2.2"
  resolved "https://registry.yarnpkg.com/requizzle/-/requizzle-0.2.2.tgz#df991c0cffbbbdde721504c1455f68f53f7c7bd1"
  dependencies:
    lodash "^4.17.11"

sprintf-js@~1.0.2:
  version "1.0.3"
  resolved "https://registry.yarnpkg.com/sprintf-js/-/sprintf-js-1.0.3.tgz#04e6926f662895354f3dd015203633b857297e2c"

strip-json-comments@^3.0.1:
  version "3.0.1"
  resolved "https://registry.yarnpkg.com/strip-json-comments/-/strip-json-comments-3.0.1.tgz#85713975a91fb87bf1b305cca77395e40d2a64a7"

taffydb@2.6.2:
  version "2.6.2"
  resolved "https://registry.yarnpkg.com/taffydb/-/taffydb-2.6.2.tgz#7cbcb64b5a141b6a2efc2c5d2c67b4e150b2a268"

uc.micro@^1.0.1, uc.micro@^1.0.5:
  version "1.0.6"
  resolved "https://registry.yarnpkg.com/uc.micro/-/uc.micro-1.0.6.tgz#9c411a802a409a91fc6cf74081baba34b24499ac"

underscore@~1.9.1:
  version "1.9.1"
  resolved "https://registry.yarnpkg.com/underscore/-/underscore-1.9.1.tgz#06dce34a0e68a7babc29b365b8e74b8925203961"

xmlcreate@^2.0.0:
  version "2.0.1"
  resolved "https://registry.yarnpkg.com/xmlcreate/-/xmlcreate-2.0.1.tgz#2ec38bd7b708d213fd1a90e2431c4af9c09f6a52"
